
Microsoft Visual Studio Solution File, Format Version 12.00
# Visual Studio Version 17
VisualStudioVersion = 17.9.34310.174
MinimumVisualStudioVersion = 10.0.40219.1
Project("{FAE04EC0-301F-11D3-BF4B-00C04F79EFBC}") = "WebApp", "WebApp\WebApp.csproj", "{82EF0420-C46A-462B-B833-28B537941071}"
EndProject
Project("{FAE04EC0-301F-11D3-BF4B-00C04F79EFBC}") = "WebApp.Client", "WebApp.Client\WebApp.Client.csproj", "{1FD6F941-2564-47AA-A8E6-848B2DC9AA93}"
EndProject
Global
	GlobalSection(SolutionConfigurationPlatforms) = preSolution
		Debug|Any CPU = Debug|Any CPU
		Release|Any CPU = Release|Any CPU
	EndGlobalSection
	GlobalSection(ProjectConfigurationPlatforms) = postSolution
		{82EF0420-C46A-462B-B833-28B537941071}.Debug|Any CPU.ActiveCfg = Debug|Any CPU
		{82EF0420-C46A-462B-B833-28B537941071}.Debug|Any CPU.Build.0 = Debug|Any CPU
		{82EF0420-C46A-462B-B833-28B537941071}.Release|Any CPU.ActiveCfg = Release|Any CPU
		{82EF0420-C46A-462B-B833-28B537941071}.Release|Any CPU.Build.0 = Release|Any CPU
		{1FD6F941-2564-47AA-A8E6-848B2DC9AA93}.Debug|Any CPU.ActiveCfg = Debug|Any CPU
		{1FD6F941-2564-47AA-A8E6-848B2DC9AA93}.Debug|Any CPU.Build.0 = Debug|Any CPU
		{1FD6F941-2564-47AA-A8E6-848B2DC9AA93}.Release|Any CPU.ActiveCfg = Release|Any CPU
		{1FD6F941-2564-47AA-A8E6-848B2DC9AA93}.Release|Any CPU.Build.0 = Release|Any CPU
	EndGlobalSection
	GlobalSection(SolutionProperties) = preSolution
		HideSolutionNode = FALSE
	EndGlobalSection
	GlobalSection(ExtensibilityGlobals) = postSolution
		SolutionGuid = {5DCFFBD6-7DC2-4F8E-9DC2-6ADCB149F85B}
	EndGlobalSection
EndGlobal
