
Microsoft Visual Studio Solution File, Format Version 12.00
# Visual Studio Version 17
VisualStudioVersion = 17.9.34511.98
MinimumVisualStudioVersion = 10.0.40219.1
Project("{FAE04EC0-301F-11D3-BF4B-00C04F79EFBC}") = "WebApp", "WebApp\WebApp\WebApp.csproj", "{3EC5F957-8765-4191-AD3D-BF4335E54ABC}"
EndProject
Project("{FAE04EC0-301F-11D3-BF4B-00C04F79EFBC}") = "WebApp.Client", "WebApp\WebApp.Client\WebApp.Client.csproj", "{E9E9F9E9-0CD5-48A8-A012-F2EEC00F0547}"
EndProject
Global
	GlobalSection(SolutionConfigurationPlatforms) = preSolution
		Debug|Any CPU = Debug|Any CPU
		Release|Any CPU = Release|Any CPU
	EndGlobalSection
	GlobalSection(ProjectConfigurationPlatforms) = postSolution
		{3EC5F957-8765-4191-AD3D-BF4335E54ABC}.Debug|Any CPU.ActiveCfg = Debug|Any CPU
		{3EC5F957-8765-4191-AD3D-BF4335E54ABC}.Debug|Any CPU.Build.0 = Debug|Any CPU
		{3EC5F957-8765-4191-AD3D-BF4335E54ABC}.Release|Any CPU.ActiveCfg = Release|Any CPU
		{3EC5F957-8765-4191-AD3D-BF4335E54ABC}.Release|Any CPU.Build.0 = Release|Any CPU
		{E9E9F9E9-0CD5-48A8-A012-F2EEC00F0547}.Debug|Any CPU.ActiveCfg = Debug|Any CPU
		{E9E9F9E9-0CD5-48A8-A012-F2EEC00F0547}.Debug|Any CPU.Build.0 = Debug|Any CPU
		{E9E9F9E9-0CD5-48A8-A012-F2EEC00F0547}.Release|Any CPU.ActiveCfg = Release|Any CPU
		{E9E9F9E9-0CD5-48A8-A012-F2EEC00F0547}.Release|Any CPU.Build.0 = Release|Any CPU
	EndGlobalSection
	GlobalSection(SolutionProperties) = preSolution
		HideSolutionNode = FALSE
	EndGlobalSection
	GlobalSection(ExtensibilityGlobals) = postSolution
		SolutionGuid = {1A4B917C-52A2-468A-87DF-E42E46A0494B}
	EndGlobalSection
EndGlobal
